
Microsoft Visual Studio Solution File, Format Version 12.00
# Visual Studio Version 17
VisualStudioVersion = 17.10.35013.160
MinimumVisualStudioVersion = 10.0.40219.1
Project("{FAE04EC0-301F-11D3-BF4B-00C04F79EFBC}") = "DemoWebApp", "DemoWebApp\DemoWebApp.csproj", "{1A8A576D-EEB3-40BD-9E05-395C5135570F}"
EndProject
Global
	GlobalSection(SolutionConfigurationPlatforms) = preSolution
		Debug|Any CPU = Debug|Any CPU
		Release|Any CPU = Release|Any CPU
	EndGlobalSection
	GlobalSection(ProjectConfigurationPlatforms) = postSolution
		{1A8A576D-EEB3-40BD-9E05-395C5135570F}.Debug|Any CPU.ActiveCfg = Debug|Any CPU
		{1A8A576D-EEB3-40BD-9E05-395C5135570F}.Debug|Any CPU.Build.0 = Debug|Any CPU
		{1A8A576D-EEB3-40BD-9E05-395C5135570F}.Release|Any CPU.ActiveCfg = Release|Any CPU
		{1A8A576D-EEB3-40BD-9E05-395C5135570F}.Release|Any CPU.Build.0 = Release|Any CPU
	EndGlobalSection
	GlobalSection(SolutionProperties) = preSolution
		HideSolutionNode = FALSE
	EndGlobalSection
	GlobalSection(ExtensibilityGlobals) = postSolution
		SolutionGuid = {E982BCDC-D354-45A4-82C7-15A7580F690C}
	EndGlobalSection
EndGlobal
